
Microsoft Visual Studio Solution File, Format Version 12.00
# Visual Studio 15
VisualStudioVersion = 15.0.27428.2027
MinimumVisualStudioVersion = 10.0.40219.1
Project("{9A19103F-16F7-4668-BE54-9A1E7A4F7556}") = "LimeAcademy.FizzBuzz.Console", "LimeAcademy.FizzBuzz.Console\LimeAcademy.FizzBuzz.Console.csproj", "{294B25BB-4C34-4E1E-8243-5870ACE38FF8}"
EndProject
Project("{FAE04EC0-301F-11D3-BF4B-00C04F79EFBC}") = "LimeAcademy.FizzBuzz", "LimeAcademy.FizzBuzz\LimeAcademy.FizzBuzz.csproj", "{15C91DF3-B1C4-4891-AF4B-C78B947F499F}"
EndProject
Project("{FAE04EC0-301F-11D3-BF4B-00C04F79EFBC}") = "LimeAcademy.FizzBuzz.Tests", "LimeAcademy.FizzBuzz.Tests\LimeAcademy.FizzBuzz.Tests.csproj", "{F8904C7C-63B4-4227-8038-464FDCADD761}"
EndProject
Project("{FAE04EC0-301F-11D3-BF4B-00C04F79EFBC}") = "LimeAcademy.Braces", "LimeAcademy.Braces\LimeAcademy.Braces.csproj", "{D7BB4482-5749-4963-8ABA-E36429950970}"
EndProject
Project("{FAE04EC0-301F-11D3-BF4B-00C04F79EFBC}") = "LimeAcademy.Braces.Console", "LimeAcademy.Braces.Console\LimeAcademy.Braces.Console.csproj", "{DDA7B7A7-06D8-4B56-A82C-F3F853F33CC6}"
EndProject
Project("{FAE04EC0-301F-11D3-BF4B-00C04F79EFBC}") = "LimeAcademy.Braces.Tests", "LimeAcademy.Braces.Tests\LimeAcademy.Braces.Tests.csproj", "{6B42E8D7-74A2-4BDB-9439-B0BB6AC1EBAB}"
EndProject
Global
	GlobalSection(SolutionConfigurationPlatforms) = preSolution
		Debug|Any CPU = Debug|Any CPU
		Release|Any CPU = Release|Any CPU
	EndGlobalSection
	GlobalSection(ProjectConfigurationPlatforms) = postSolution
		{294B25BB-4C34-4E1E-8243-5870ACE38FF8}.Debug|Any CPU.ActiveCfg = Debug|Any CPU
		{294B25BB-4C34-4E1E-8243-5870ACE38FF8}.Debug|Any CPU.Build.0 = Debug|Any CPU
		{294B25BB-4C34-4E1E-8243-5870ACE38FF8}.Release|Any CPU.ActiveCfg = Release|Any CPU
		{294B25BB-4C34-4E1E-8243-5870ACE38FF8}.Release|Any CPU.Build.0 = Release|Any CPU
		{15C91DF3-B1C4-4891-AF4B-C78B947F499F}.Debug|Any CPU.ActiveCfg = Debug|Any CPU
		{15C91DF3-B1C4-4891-AF4B-C78B947F499F}.Debug|Any CPU.Build.0 = Debug|Any CPU
		{15C91DF3-B1C4-4891-AF4B-C78B947F499F}.Release|Any CPU.ActiveCfg = Release|Any CPU
		{15C91DF3-B1C4-4891-AF4B-C78B947F499F}.Release|Any CPU.Build.0 = Release|Any CPU
		{F8904C7C-63B4-4227-8038-464FDCADD761}.Debug|Any CPU.ActiveCfg = Debug|Any CPU
		{F8904C7C-63B4-4227-8038-464FDCADD761}.Debug|Any CPU.Build.0 = Debug|Any CPU
		{F8904C7C-63B4-4227-8038-464FDCADD761}.Release|Any CPU.ActiveCfg = Release|Any CPU
		{F8904C7C-63B4-4227-8038-464FDCADD761}.Release|Any CPU.Build.0 = Release|Any CPU
		{D7BB4482-5749-4963-8ABA-E36429950970}.Debug|Any CPU.ActiveCfg = Debug|Any CPU
		{D7BB4482-5749-4963-8ABA-E36429950970}.Debug|Any CPU.Build.0 = Debug|Any CPU
		{D7BB4482-5749-4963-8ABA-E36429950970}.Release|Any CPU.ActiveCfg = Release|Any CPU
		{D7BB4482-5749-4963-8ABA-E36429950970}.Release|Any CPU.Build.0 = Release|Any CPU
		{DDA7B7A7-06D8-4B56-A82C-F3F853F33CC6}.Debug|Any CPU.ActiveCfg = Debug|Any CPU
		{DDA7B7A7-06D8-4B56-A82C-F3F853F33CC6}.Debug|Any CPU.Build.0 = Debug|Any CPU
		{DDA7B7A7-06D8-4B56-A82C-F3F853F33CC6}.Release|Any CPU.ActiveCfg = Release|Any CPU
		{DDA7B7A7-06D8-4B56-A82C-F3F853F33CC6}.Release|Any CPU.Build.0 = Release|Any CPU
		{6B42E8D7-74A2-4BDB-9439-B0BB6AC1EBAB}.Debug|Any CPU.ActiveCfg = Debug|Any CPU
		{6B42E8D7-74A2-4BDB-9439-B0BB6AC1EBAB}.Debug|Any CPU.Build.0 = Debug|Any CPU
		{6B42E8D7-74A2-4BDB-9439-B0BB6AC1EBAB}.Release|Any CPU.ActiveCfg = Release|Any CPU
		{6B42E8D7-74A2-4BDB-9439-B0BB6AC1EBAB}.Release|Any CPU.Build.0 = Release|Any CPU
	EndGlobalSection
	GlobalSection(SolutionProperties) = preSolution
		HideSolutionNode = FALSE
	EndGlobalSection
	GlobalSection(ExtensibilityGlobals) = postSolution
		SolutionGuid = {220C7068-3DDF-4FB5-A5D7-FDD7770CFD34}
	EndGlobalSection
EndGlobal
